<Solution>
  <Folder Name="/shared/">
    <Project Path="shared/ErpPlatform.Shared.Kernel/ErpPlatform.Shared.Kernel.csproj" />
    <Project Path="shared/ErpPlatform.Shared.Persistence/ErpPlatform.Shared.Persistence.csproj" />
    <Project Path="shared/ErpPlatform.Shared.Identity/ErpPlatform.Shared.Identity.csproj" />
    <Project Path="shared/ErpPlatform.Shared.Web/ErpPlatform.Shared.Web.csproj" />
  </Folder>
  <Folder Name="/modules/finance/">
    <Project Path="src/FinanceERP.Application/FinanceERP.Application.csproj" />
    <Project Path="src/FinanceERP.Domain/FinanceERP.Domain.csproj" />
    <Project Path="src/FinanceERP.Infrastructure/FinanceERP.Infrastructure.csproj" />
  </Folder>
  <Folder Name="/modules/hr/">
    <Project Path="modules/Hr/Hr.Domain/Hr.Domain.csproj" />
    <Project Path="modules/Hr/Hr.Infrastructure/Hr.Infrastructure.csproj" />
    <Project Path="modules/Hr/Hr.Web/Hr.Web.csproj" />
  </Folder>
  <Folder Name="/modules/gatepass/">
    <Project Path="modules/GatePass/GatePass.Domain/GatePass.Domain.csproj" />
    <Project Path="modules/GatePass/GatePass.Infrastructure/GatePass.Infrastructure.csproj" />
    <Project Path="modules/GatePass/GatePass.Web/GatePass.Web.csproj" />
  </Folder>
  <Folder Name="/modules/repair/">
    <Project Path="modules/Repair/Repair.Domain/Repair.Domain.csproj" />
    <Project Path="modules/Repair/Repair.Infrastructure/Repair.Infrastructure.csproj" />
    <Project Path="modules/Repair/Repair.Web/Repair.Web.csproj" />
  </Folder>
  <Folder Name="/tests/">
    <Project Path="tests/Hr.Tests/Hr.Tests.csproj" />
  </Folder>
  <Folder Name="/apps/">
    <Project Path="src/FinanceERP.Web/FinanceERP.Web.csproj" />
  </Folder>
</Solution>
