<Solution>
  <Folder Name="/modules/Tender/">
    <Project Path="modules/Tender/Tender.Domain/Tender.Domain.csproj" />
    <Project Path="modules/Tender/Tender.Infrastructure/Tender.Infrastructure.csproj" />
    <Project Path="modules/Tender/Tender.Web/Tender.Web.csproj" />
  </Folder>
  <Folder Name="/shared/">
    <Project Path="shared/ErpPlatform.Shared.Kernel/ErpPlatform.Shared.Kernel.csproj" />
    <Project Path="shared/ErpPlatform.Shared.Persistence/ErpPlatform.Shared.Persistence.csproj" />
    <Project Path="shared/ErpPlatform.Shared.Identity/ErpPlatform.Shared.Identity.csproj" />
    <Project Path="shared/ErpPlatform.Shared.Printing/ErpPlatform.Shared.Printing.csproj" />
    <Project Path="shared/ErpPlatform.Shared.Web/ErpPlatform.Shared.Web.csproj" />
  </Folder>
  <Folder Name="/modules/" />
  <Folder Name="/modules/finance/">
    <Project Path="src/FinanceERP.Application/FinanceERP.Application.csproj" />
    <Project Path="src/FinanceERP.Domain/FinanceERP.Domain.csproj" />
    <Project Path="src/FinanceERP.Infrastructure/FinanceERP.Infrastructure.csproj" />
  </Folder>
  <Folder Name="/modules/hr/">
    <Project Path="modules/Hr/Hr.Domain/Hr.Domain.csproj" />
    <Project Path="modules/Hr/Hr.Infrastructure/Hr.Infrastructure.csproj" />
    <Project Path="modules/Hr/Hr.Web/Hr.Web.csproj" />
  </Folder>
  <Folder Name="/modules/gatepass/">
    <Project Path="modules/GatePass/GatePass.Domain/GatePass.Domain.csproj" />
    <Project Path="modules/GatePass/GatePass.Infrastructure/GatePass.Infrastructure.csproj" />
    <Project Path="modules/GatePass/GatePass.Web/GatePass.Web.csproj" />
  </Folder>
  <Folder Name="/modules/repair/">
    <Project Path="modules/Repair/Repair.Domain/Repair.Domain.csproj" />
    <Project Path="modules/Repair/Repair.Infrastructure/Repair.Infrastructure.csproj" />
    <Project Path="modules/Repair/Repair.Web/Repair.Web.csproj" />
  </Folder>
  <Folder Name="/modules/inventory/">
    <Project Path="modules/Inventory/Inventory.Domain/Inventory.Domain.csproj" />
    <Project Path="modules/Inventory/Inventory.Infrastructure/Inventory.Infrastructure.csproj" />
    <Project Path="modules/Inventory/Inventory.Web/Inventory.Web.csproj" />
  </Folder>
  <Folder Name="/modules/auto/">
    <Project Path="modules/Auto/Auto.Domain/Auto.Domain.csproj" />
    <Project Path="modules/Auto/Auto.Infrastructure/Auto.Infrastructure.csproj" />
    <Project Path="modules/Auto/Auto.Web/Auto.Web.csproj" />
  </Folder>
  <Folder Name="/modules/ledger/">
    <Project Path="modules/Ledger/Ledger.Domain/Ledger.Domain.csproj" />
    <Project Path="modules/Ledger/Ledger.Infrastructure/Ledger.Infrastructure.csproj" />
    <Project Path="modules/Ledger/Ledger.Web/Ledger.Web.csproj" />
  </Folder>
  <Folder Name="/tests/">
    <Project Path="tests/ErpPlatform.Shared.Tests/ErpPlatform.Shared.Tests.csproj" />
    <Project Path="tests/Hr.Tests/Hr.Tests.csproj" />
    <Project Path="tests/Repair.Tests/Repair.Tests.csproj" />
    <Project Path="tests/Inventory.Tests/Inventory.Tests.csproj" />
    <Project Path="tests/Ledger.Tests/Ledger.Tests.csproj" />
    <Project Path="tests/ErpPlatform.TestSupport/ErpPlatform.TestSupport.csproj" />
    <Project Path="tests/Finance.Tests/Finance.Tests.csproj" />
    <Project Path="tests/GatePass.Tests/GatePass.Tests.csproj" />
    <Project Path="tests/Tender.Tests/Tender.Tests.csproj" />
  </Folder>
  <Folder Name="/apps/">
    <Project Path="src/FinanceERP.Web/FinanceERP.Web.csproj" />
  </Folder>
</Solution>
